<?xml version="1.0" encoding="UTF-8" standalone="yes" ?>
<CodeBlocks_project_file>
	<FileVersion major="1" minor="6" />
	<Project>
		<Option title="clac" />
		<Option pch_mode="2" />
		<Option compiler="gcc" />
		<Build>
			<Target title="Debug">
				<Option output="bin/Debug/clac" prefix_auto="1" extension_auto="1" />
				<Option object_output="obj/Debug/" />
				<Option type="1" />
				<Option compiler="gcc" />
				<Compiler>
					<Add option="-g" />
				</Compiler>
				<Linker>
					<Add library="ClacEngine/bin/Debug/libClacEngine.a" />
					<Add library="ClacEntity/bin/Debug/libClacEntity.a" />
					<Add library="Scr/bin/Debug/libScr.a" />
				</Linker>
			</Target>
			<Target title="Release">
				<Option output="bin/Release/clac" prefix_auto="1" extension_auto="1" />
				<Option object_output="obj/Release/" />
				<Option type="1" />
				<Option compiler="gcc" />
				<Compiler>
					<Add option="-O2" />
				</Compiler>
				<Linker>
					<Add option="-s" />
					<Add library="ClacEngine/bin/Release/libClacEngine.a" />
					<Add library="ClacEntity/bin/Release/libClacEntity.a" />
					<Add library="Scr/bin/Release/libScr.a" />
				</Linker>
			</Target>
		</Build>
		<Compiler>
			<Add option="-Wall" />
			<Add option="-std=c++2a" />
			<Add directory="ClacEntity" />
			<Add directory="ClacEngine" />
		</Compiler>
		<Unit filename="ClacCommandWindow.cpp" />
		<Unit filename="ClacCommandWindow.hpp" />
		<Unit filename="DirectoryWindow.cpp" />
		<Unit filename="DirectoryWindow.hpp" />
		<Unit filename="RecordFile.cpp" />
		<Unit filename="RecordFile.hpp" />
		<Unit filename="StackWindow.cpp" />
		<Unit filename="StackWindow.hpp" />
		<Unit filename="clac.cpp" />
		<Extensions />
	</Project>
</CodeBlocks_project_file>
